
Microsoft Visual Studio Solution File, Format Version 12.00
# Visual Studio Version 16
VisualStudioVersion = 16.0.29102.190
MinimumVisualStudioVersion = 10.0.40219.1
Project("{9A19103F-16F7-4668-BE54-9A1E7A4F7556}") = "testEcpApi.test", "testEcpApi.test.csproj", "{C3C74F90-0CB6-4B54-8D34-84F7EE6E03DD}"
EndProject
Global
	GlobalSection(SolutionConfigurationPlatforms) = preSolution
		Debug|Any CPU = Debug|Any CPU
		Release|Any CPU = Release|Any CPU
	EndGlobalSection
	GlobalSection(ProjectConfigurationPlatforms) = postSolution
		{C3C74F90-0CB6-4B54-8D34-84F7EE6E03DD}.Debug|Any CPU.ActiveCfg = Debug|Any CPU
		{C3C74F90-0CB6-4B54-8D34-84F7EE6E03DD}.Debug|Any CPU.Build.0 = Debug|Any CPU
		{C3C74F90-0CB6-4B54-8D34-84F7EE6E03DD}.Release|Any CPU.ActiveCfg = Release|Any CPU
		{C3C74F90-0CB6-4B54-8D34-84F7EE6E03DD}.Release|Any CPU.Build.0 = Release|Any CPU
	EndGlobalSection
	GlobalSection(SolutionProperties) = preSolution
		HideSolutionNode = FALSE
	EndGlobalSection
	GlobalSection(ExtensibilityGlobals) = postSolution
		SolutionGuid = {867C032E-05DA-40EC-BAED-D54B2D0D715E}
	EndGlobalSection
EndGlobal
